
Microsoft Visual Studio Solution File, Format Version 12.00
# Visual Studio Version 17
VisualStudioVersion = 17.9.34728.123
MinimumVisualStudioVersion = 10.0.40219.1
Project("{9A19103F-16F7-4668-BE54-9A1E7A4F7556}") = "Productos.Server", "Productos.Server\Productos.Server.csproj", "{1BE98382-1776-472E-B9BF-E3877096C70E}"
EndProject
Project("{FAE04EC0-301F-11D3-BF4B-00C04F79EFBC}") = "ProductosCliente", "ProductosCliente\ProductosCliente.csproj", "{02F0E6ED-14BF-4143-917E-623143E05930}"
EndProject
Global
	GlobalSection(SolutionConfigurationPlatforms) = preSolution
		Debug|Any CPU = Debug|Any CPU
		Release|Any CPU = Release|Any CPU
	EndGlobalSection
	GlobalSection(ProjectConfigurationPlatforms) = postSolution
		{1BE98382-1776-472E-B9BF-E3877096C70E}.Debug|Any CPU.ActiveCfg = Debug|Any CPU
		{1BE98382-1776-472E-B9BF-E3877096C70E}.Debug|Any CPU.Build.0 = Debug|Any CPU
		{1BE98382-1776-472E-B9BF-E3877096C70E}.Release|Any CPU.ActiveCfg = Release|Any CPU
		{1BE98382-1776-472E-B9BF-E3877096C70E}.Release|Any CPU.Build.0 = Release|Any CPU
		{02F0E6ED-14BF-4143-917E-623143E05930}.Debug|Any CPU.ActiveCfg = Debug|Any CPU
		{02F0E6ED-14BF-4143-917E-623143E05930}.Debug|Any CPU.Build.0 = Debug|Any CPU
		{02F0E6ED-14BF-4143-917E-623143E05930}.Release|Any CPU.ActiveCfg = Release|Any CPU
		{02F0E6ED-14BF-4143-917E-623143E05930}.Release|Any CPU.Build.0 = Release|Any CPU
	EndGlobalSection
	GlobalSection(SolutionProperties) = preSolution
		HideSolutionNode = FALSE
	EndGlobalSection
	GlobalSection(ExtensibilityGlobals) = postSolution
		SolutionGuid = {A283D720-0673-4C14-8990-F50C31E0E7F3}
	EndGlobalSection
EndGlobal
